
Microsoft Visual Studio Solution File, Format Version 12.00
# Visual Studio Version 17
VisualStudioVersion = 17.7.34031.279
MinimumVisualStudioVersion = 10.0.40219.1
Project("{9A19103F-16F7-4668-BE54-9A1E7A4F7556}") = "ClinicService", "ClinicService\ClinicService.csproj", "{D914F20F-50EA-4A87-B29E-757148F6F2CD}"
EndProject
Project("{FAE04EC0-301F-11D3-BF4B-00C04F79EFBC}") = "ClinicaDesktop", "ClinicaDesktop\ClinicaDesktop.csproj", "{4CFA242A-C457-4F46-B836-FB62B05B53EF}"
EndProject
Project("{FAE04EC0-301F-11D3-BF4B-00C04F79EFBC}") = "ClinicaDesktop.Data", "ClinicaDesktop.Data\ClinicaDesktop.Data.csproj", "{91F55770-488D-4008-960E-36F9274C9334}"
EndProject
Global
	GlobalSection(SolutionConfigurationPlatforms) = preSolution
		Debug|Any CPU = Debug|Any CPU
		Release|Any CPU = Release|Any CPU
	EndGlobalSection
	GlobalSection(ProjectConfigurationPlatforms) = postSolution
		{D914F20F-50EA-4A87-B29E-757148F6F2CD}.Debug|Any CPU.ActiveCfg = Debug|Any CPU
		{D914F20F-50EA-4A87-B29E-757148F6F2CD}.Debug|Any CPU.Build.0 = Debug|Any CPU
		{D914F20F-50EA-4A87-B29E-757148F6F2CD}.Release|Any CPU.ActiveCfg = Release|Any CPU
		{D914F20F-50EA-4A87-B29E-757148F6F2CD}.Release|Any CPU.Build.0 = Release|Any CPU
		{4CFA242A-C457-4F46-B836-FB62B05B53EF}.Debug|Any CPU.ActiveCfg = Debug|Any CPU
		{4CFA242A-C457-4F46-B836-FB62B05B53EF}.Debug|Any CPU.Build.0 = Debug|Any CPU
		{4CFA242A-C457-4F46-B836-FB62B05B53EF}.Release|Any CPU.ActiveCfg = Release|Any CPU
		{4CFA242A-C457-4F46-B836-FB62B05B53EF}.Release|Any CPU.Build.0 = Release|Any CPU
		{91F55770-488D-4008-960E-36F9274C9334}.Debug|Any CPU.ActiveCfg = Debug|Any CPU
		{91F55770-488D-4008-960E-36F9274C9334}.Debug|Any CPU.Build.0 = Debug|Any CPU
		{91F55770-488D-4008-960E-36F9274C9334}.Release|Any CPU.ActiveCfg = Release|Any CPU
		{91F55770-488D-4008-960E-36F9274C9334}.Release|Any CPU.Build.0 = Release|Any CPU
	EndGlobalSection
	GlobalSection(SolutionProperties) = preSolution
		HideSolutionNode = FALSE
	EndGlobalSection
	GlobalSection(ExtensibilityGlobals) = postSolution
		SolutionGuid = {175E5B94-82EE-4126-B91F-B31CE5369B93}
	EndGlobalSection
EndGlobal
